// !$*UTF8*$!
{
	archiveVersion = 1;
	classes = {
	};
	objectVersion = 48;
	objects = {

/* Begin PBXBuildFile section */
		73282B771823C5873FB5711B /* Pods_LocationTracker.framework in Frameworks */ = {isa = PBXBuildFile; fileRef = 2D766C23540C6E6C9B6BB442 /* Pods_LocationTracker.framework */; };
		891B64201FE4611400DE8061 /* AppDelegate.swift in Sources */ = {isa = PBXBuildFile; fileRef = 891B641F1FE4611400DE8061 /* AppDelegate.swift */; };
		891B64221FE4611400DE8061 /* ViewController.swift in Sources */ = {isa = PBXBuildFile; fileRef = 891B64211FE4611400DE8061 /* ViewController.swift */; };
		891B64251FE4611400DE8061 /* Main.storyboard in Resources */ = {isa = PBXBuildFile; fileRef = 891B64231FE4611400DE8061 /* Main.storyboard */; };
		891B64271FE4611400DE8061 /* Assets.xcassets in Resources */ = {isa = PBXBuildFile; fileRef = 891B64261FE4611400DE8061 /* Assets.xcassets */; };
		891B642A1FE4611400DE8061 /* LaunchScreen.storyboard in Resources */ = {isa = PBXBuildFile; fileRef = 891B64281FE4611400DE8061 /* LaunchScreen.storyboard */; };
		891B64351FE4611400DE8061 /* LocationTrackerTests.swift in Sources */ = {isa = PBXBuildFile; fileRef = 891B64341FE4611400DE8061 /* LocationTrackerTests.swift */; };
		892806751FE48BE9001C2A59 /* MapKit.framework in Frameworks */ = {isa = PBXBuildFile; fileRef = 892806741FE48BE9001C2A59 /* MapKit.framework */; };
/* End PBXBuildFile section */

/* Begin PBXContainerItemProxy section */
		891B64311FE4611400DE8061 /* PBXContainerItemProxy */ = {
			isa = PBXContainerItemProxy;
			containerPortal = 891B64141FE4611300DE8061 /* Project object */;
			proxyType = 1;
			remoteGlobalIDString = 891B641B1FE4611400DE8061;
			remoteInfo = LocationTracker;
		};
/* End PBXContainerItemProxy section */

/* Begin PBXFileReference section */
		2D766C23540C6E6C9B6BB442 /* Pods_LocationTracker.framework */ = {isa = PBXFileReference; explicitFileType = wrapper.framework; includeInIndex = 0; path = Pods_LocationTracker.framework; sourceTree = BUILT_PRODUCTS_DIR; };
		581191D5607F33E206E14A38 /* Pods-LocationTracker.release.xcconfig */ = {isa = PBXFileReference; includeInIndex = 1; lastKnownFileType = text.xcconfig; name = "Pods-LocationTracker.release.xcconfig"; path = "Pods/Target Support Files/Pods-LocationTracker/Pods-LocationTracker.release.xcconfig"; sourceTree = "<group>"; };
		891B641C1FE4611400DE8061 /* LocationTracker.app */ = {isa = PBXFileReference; explicitFileType = wrapper.application; includeInIndex = 0; path = LocationTracker.app; sourceTree = BUILT_PRODUCTS_DIR; };
		891B641F1FE4611400DE8061 /* AppDelegate.swift */ = {isa = PBXFileReference; lastKnownFileType = sourcecode.swift; path = AppDelegate.swift; sourceTree = "<group>"; };
		891B64211FE4611400DE8061 /* ViewController.swift */ = {isa = PBXFileReference; lastKnownFileType = sourcecode.swift; path = ViewController.swift; sourceTree = "<group>"; };
		891B64241FE4611400DE8061 /* Base */ = {isa = PBXFileReference; lastKnownFileType = file.storyboard; name = Base; path = Base.lproj/Main.storyboard; sourceTree = "<group>"; };
		891B64261FE4611400DE8061 /* Assets.xcassets */ = {isa = PBXFileReference; lastKnownFileType = folder.assetcatalog; path = Assets.xcassets; sourceTree = "<group>"; };
		891B64291FE4611400DE8061 /* Base */ = {isa = PBXFileReference; lastKnownFileType = file.storyboard; name = Base; path = Base.lproj/LaunchScreen.storyboard; sourceTree = "<group>"; };
		891B642B1FE4611400DE8061 /* Info.plist */ = {isa = PBXFileReference; lastKnownFileType = text.plist.xml; path = Info.plist; sourceTree = "<group>"; };
		891B64301FE4611400DE8061 /* LocationTrackerTests.xctest */ = {isa = PBXFileReference; explicitFileType = wrapper.cfbundle; includeInIndex = 0; path = LocationTrackerTests.xctest; sourceTree = BUILT_PRODUCTS_DIR; };
		891B64341FE4611400DE8061 /* LocationTrackerTests.swift */ = {isa = PBXFileReference; lastKnownFileType = sourcecode.swift; path = LocationTrackerTests.swift; sourceTree = "<group>"; };
		891B64361FE4611400DE8061 /* Info.plist */ = {isa = PBXFileReference; lastKnownFileType = text.plist.xml; path = Info.plist; sourceTree = "<group>"; };
		892806741FE48BE9001C2A59 /* MapKit.framework */ = {isa = PBXFileReference; lastKnownFileType = wrapper.framework; name = MapKit.framework; path = System/Library/Frameworks/MapKit.framework; sourceTree = SDKROOT; };
		B8260D68CC1370C5415CB6F1 /* Pods-LocationTracker.debug.xcconfig */ = {isa = PBXFileReference; includeInIndex = 1; lastKnownFileType = text.xcconfig; name = "Pods-LocationTracker.debug.xcconfig"; path = "Pods/Target Support Files/Pods-LocationTracker/Pods-LocationTracker.debug.xcconfig"; sourceTree = "<group>"; };
/* End PBXFileReference section */

/* Begin PBXFrameworksBuildPhase section */
		891B64191FE4611400DE8061 /* Frameworks */ = {
			isa = PBXFrameworksBuildPhase;
			buildActionMask = 2147483647;
			files = (
				892806751FE48BE9001C2A59 /* MapKit.framework in Frameworks */,
				73282B771823C5873FB5711B /* Pods_LocationTracker.framework in Frameworks */,
			);
			runOnlyForDeploymentPostprocessing = 0;
		};
		891B642D1FE4611400DE8061 /* Frameworks */ = {
			isa = PBXFrameworksBuildPhase;
			buildActionMask = 2147483647;
			files = (
			);
			runOnlyForDeploymentPostprocessing = 0;
		};
/* End PBXFrameworksBuildPhase section */

/* Begin PBXGroup section */
		891B64131FE4611300DE8061 = {
			isa = PBXGroup;
			children = (
				891B641E1FE4611400DE8061 /* LocationTracker */,
				891B64331FE4611400DE8061 /* LocationTrackerTests */,
				891B641D1FE4611400DE8061 /* Products */,
				D13C9D687861F03329E14927 /* Pods */,
				A96A1FFD61A4264B664BF5D4 /* Frameworks */,
			);
			sourceTree = "<group>";
		};
		891B641D1FE4611400DE8061 /* Products */ = {
			isa = PBXGroup;
			children = (
				891B641C1FE4611400DE8061 /* LocationTracker.app */,
				891B64301FE4611400DE8061 /* LocationTrackerTests.xctest */,
			);
			name = Products;
			sourceTree = "<group>";
		};
		891B641E1FE4611400DE8061 /* LocationTracker */ = {
			isa = PBXGroup;
			children = (
				891B641F1FE4611400DE8061 /* AppDelegate.swift */,
				891B64211FE4611400DE8061 /* ViewController.swift */,
				891B64231FE4611400DE8061 /* Main.storyboard */,
				891B64261FE4611400DE8061 /* Assets.xcassets */,
				891B64281FE4611400DE8061 /* LaunchScreen.storyboard */,
				891B642B1FE4611400DE8061 /* Info.plist */,
			);
			path = LocationTracker;
			sourceTree = "<group>";
		};
		891B64331FE4611400DE8061 /* LocationTrackerTests */ = {
			isa = PBXGroup;
			children = (
				891B64341FE4611400DE8061 /* LocationTrackerTests.swift */,
				891B64361FE4611400DE8061 /* Info.plist */,
			);
			path = LocationTrackerTests;
			sourceTree = "<group>";
		};
		A96A1FFD61A4264B664BF5D4 /* Frameworks */ = {
			isa = PBXGroup;
			children = (
				892806741FE48BE9001C2A59 /* MapKit.framework */,
				2D766C23540C6E6C9B6BB442 /* Pods_LocationTracker.framework */,
			);
			name = Frameworks;
			sourceTree = "<group>";
		};
		D13C9D687861F03329E14927 /* Pods */ = {
			isa = PBXGroup;
			children = (
				B8260D68CC1370C5415CB6F1 /* Pods-LocationTracker.debug.xcconfig */,
				581191D5607F33E206E14A38 /* Pods-LocationTracker.release.xcconfig */,
			);
			name = Pods;
			sourceTree = "<group>";
		};
/* End PBXGroup section */

/* Begin PBXNativeTarget section */
		891B641B1FE4611400DE8061 /* LocationTracker */ = {
			isa = PBXNativeTarget;
			buildConfigurationList = 891B64391FE4611400DE8061 /* Build configuration list for PBXNativeTarget "LocationTracker" */;
			buildPhases = (
				D7C7C2E38ED9ED8245798D25 /* [CP] Check Pods Manifest.lock */,
				891B64181FE4611400DE8061 /* Sources */,
				891B64191FE4611400DE8061 /* Frameworks */,
				891B641A1FE4611400DE8061 /* Resources */,
				4BFB29CDAD9F0E2F174CA59D /* [CP] Embed Pods Frameworks */,
				D71C180F8AD38A667D0796ED /* [CP] Copy Pods Resources */,
			);
			buildRules = (
			);
			dependencies = (
			);
			name = LocationTracker;
			productName = LocationTracker;
			productReference = 891B641C1FE4611400DE8061 /* LocationTracker.app */;
			productType = "com.apple.product-type.application";
		};
		891B642F1FE4611400DE8061 /* LocationTrackerTests */ = {
			isa = PBXNativeTarget;
			buildConfigurationList = 891B643C1FE4611400DE8061 /* Build configuration list for PBXNativeTarget "LocationTrackerTests" */;
			buildPhases = (
				891B642C1FE4611400DE8061 /* Sources */,
				891B642D1FE4611400DE8061 /* Frameworks */,
				891B642E1FE4611400DE8061 /* Resources */,
			);
			buildRules = (
			);
			dependencies = (
				891B64321FE4611400DE8061 /* PBXTargetDependency */,
			);
			name = LocationTrackerTests;
			productName = LocationTrackerTests;
			productReference = 891B64301FE4611400DE8061 /* LocationTrackerTests.xctest */;
			productType = "com.apple.product-type.bundle.unit-test";
		};
/* End PBXNativeTarget section */

/* Begin PBXProject section */
		891B64141FE4611300DE8061 /* Project object */ = {
			isa = PBXProject;
			attributes = {
				LastSwiftUpdateCheck = 0920;
				LastUpgradeCheck = 0920;
				ORGANIZATIONNAME = lxylxy123456;
				TargetAttributes = {
					891B641B1FE4611400DE8061 = {
						CreatedOnToolsVersion = 9.2;
						ProvisioningStyle = Automatic;
						SystemCapabilities = {
							com.apple.BackgroundModes = {
								enabled = 1;
							};
							com.apple.Maps.iOS = {
								enabled = 1;
							};
						};
					};
					891B642F1FE4611400DE8061 = {
						CreatedOnToolsVersion = 9.2;
						ProvisioningStyle = Automatic;
						TestTargetID = 891B641B1FE4611400DE8061;
					};
				};
			};
			buildConfigurationList = 891B64171FE4611300DE8061 /* Build configuration list for PBXProject "LocationTracker" */;
			compatibilityVersion = "Xcode 8.0";
			developmentRegion = en;
			hasScannedForEncodings = 0;
			knownRegions = (
				en,
				Base,
			);
			mainGroup = 891B64131FE4611300DE8061;
			productRefGroup = 891B641D1FE4611400DE8061 /* Products */;
			projectDirPath = "";
			projectRoot = "";
			targets = (
				891B641B1FE4611400DE8061 /* LocationTracker */,
				891B642F1FE4611400DE8061 /* LocationTrackerTests */,
			);
		};
/* End PBXProject section */

/* Begin PBXResourcesBuildPhase section */
		891B641A1FE4611400DE8061 /* Resources */ = {
			isa = PBXResourcesBuildPhase;
			buildActionMask = 2147483647;
			files = (
				891B642A1FE4611400DE8061 /* LaunchScreen.storyboard in Resources */,
				891B64271FE4611400DE8061 /* Assets.xcassets in Resources */,
				891B64251FE4611400DE8061 /* Main.storyboard in Resources */,
			);
			runOnlyForDeploymentPostprocessing = 0;
		};
		891B642E1FE4611400DE8061 /* Resources */ = {
			isa = PBXResourcesBuildPhase;
			buildActionMask = 2147483647;
			files = (
			);
			runOnlyForDeploymentPostprocessing = 0;
		};
/* End PBXResourcesBuildPhase section */

/* Begin PBXShellScriptBuildPhase section */
		4BFB29CDAD9F0E2F174CA59D /* [CP] Embed Pods Frameworks */ = {
			isa = PBXShellScriptBuildPhase;
			buildActionMask = 2147483647;
			files = (
			);
			inputPaths = (
				"${SRCROOT}/Pods/Target Support Files/Pods-LocationTracker/Pods-LocationTracker-frameworks.sh",
				"${BUILT_PRODUCTS_DIR}/SwiftSocket/SwiftSocket.framework",
			);
			name = "[CP] Embed Pods Frameworks";
			outputPaths = (
				"${TARGET_BUILD_DIR}/${FRAMEWORKS_FOLDER_PATH}/SwiftSocket.framework",
			);
			runOnlyForDeploymentPostprocessing = 0;
			shellPath = /bin/sh;
			shellScript = "\"${SRCROOT}/Pods/Target Support Files/Pods-LocationTracker/Pods-LocationTracker-frameworks.sh\"\n";
			showEnvVarsInLog = 0;
		};
		D71C180F8AD38A667D0796ED /* [CP] Copy Pods Resources */ = {
			isa = PBXShellScriptBuildPhase;
			buildActionMask = 2147483647;
			files = (
			);
			inputPaths = (
			);
			name = "[CP] Copy Pods Resources";
			outputPaths = (
			);
			runOnlyForDeploymentPostprocessing = 0;
			shellPath = /bin/sh;
			shellScript = "\"${SRCROOT}/Pods/Target Support Files/Pods-LocationTracker/Pods-LocationTracker-resources.sh\"\n";
			showEnvVarsInLog = 0;
		};
		D7C7C2E38ED9ED8245798D25 /* [CP] Check Pods Manifest.lock */ = {
			isa = PBXShellScriptBuildPhase;
			buildActionMask = 2147483647;
			files = (
			);
			inputPaths = (
				"${PODS_PODFILE_DIR_PATH}/Podfile.lock",
				"${PODS_ROOT}/Manifest.lock",
			);
			name = "[CP] Check Pods Manifest.lock";
			outputPaths = (
				"$(DERIVED_FILE_DIR)/Pods-LocationTracker-checkManifestLockResult.txt",
			);
			runOnlyForDeploymentPostprocessing = 0;
			shellPath = /bin/sh;
			shellScript = "diff \"${PODS_PODFILE_DIR_PATH}/Podfile.lock\" \"${PODS_ROOT}/Manifest.lock\" > /dev/null\nif [ $? != 0 ] ; then\n    # print error to STDERR\n    echo \"error: The sandbox is not in sync with the Podfile.lock. Run 'pod install' or update your CocoaPods installation.\" >&2\n    exit 1\nfi\n# This output is used by Xcode 'outputs' to avoid re-running this script phase.\necho \"SUCCESS\" > \"${SCRIPT_OUTPUT_FILE_0}\"\n";
			showEnvVarsInLog = 0;
		};
/* End PBXShellScriptBuildPhase section */

/* Begin PBXSourcesBuildPhase section */
		891B64181FE4611400DE8061 /* Sources */ = {
			isa = PBXSourcesBuildPhase;
			buildActionMask = 2147483647;
			files = (
				891B64221FE4611400DE8061 /* ViewController.swift in Sources */,
				891B64201FE4611400DE8061 /* AppDelegate.swift in Sources */,
			);
			runOnlyForDeploymentPostprocessing = 0;
		};
		891B642C1FE4611400DE8061 /* Sources */ = {
			isa = PBXSourcesBuildPhase;
			buildActionMask = 2147483647;
			files = (
				891B64351FE4611400DE8061 /* LocationTrackerTests.swift in Sources */,
			);
			runOnlyForDeploymentPostprocessing = 0;
		};
/* End PBXSourcesBuildPhase section */

/* Begin PBXTargetDependency section */
		891B64321FE4611400DE8061 /* PBXTargetDependency */ = {
			isa = PBXTargetDependency;
			target = 891B641B1FE4611400DE8061 /* LocationTracker */;
			targetProxy = 891B64311FE4611400DE8061 /* PBXContainerItemProxy */;
		};
/* End PBXTargetDependency section */

/* Begin PBXVariantGroup section */
		891B64231FE4611400DE8061 /* Main.storyboard */ = {
			isa = PBXVariantGroup;
			children = (
				891B64241FE4611400DE8061 /* Base */,
			);
			name = Main.storyboard;
			sourceTree = "<group>";
		};
		891B64281FE4611400DE8061 /* LaunchScreen.storyboard */ = {
			isa = PBXVariantGroup;
			children = (
				891B64291FE4611400DE8061 /* Base */,
			);
			name = LaunchScreen.storyboard;
			sourceTree = "<group>";
		};
/* End PBXVariantGroup section */

/* Begin XCBuildConfiguration section */
		891B64371FE4611400DE8061 /* Debug */ = {
			isa = XCBuildConfiguration;
			buildSettings = {
				ALWAYS_SEARCH_USER_PATHS = NO;
				CLANG_ANALYZER_NONNULL = YES;
				CLANG_ANALYZER_NUMBER_OBJECT_CONVERSION = YES_AGGRESSIVE;
				CLANG_CXX_LANGUAGE_STANDARD = "gnu++14";
				CLANG_CXX_LIBRARY = "libc++";
				CLANG_ENABLE_MODULES = YES;
				CLANG_ENABLE_OBJC_ARC = YES;
				CLANG_WARN_BLOCK_CAPTURE_AUTORELEASING = YES;
				CLANG_WARN_BOOL_CONVERSION = YES;
				CLANG_WARN_COMMA = YES;
				CLANG_WARN_CONSTANT_CONVERSION = YES;
				CLANG_WARN_DIRECT_OBJC_ISA_USAGE = YES_ERROR;
				CLANG_WARN_DOCUMENTATION_COMMENTS = YES;
				CLANG_WARN_EMPTY_BODY = YES;
				CLANG_WARN_ENUM_CONVERSION = YES;
				CLANG_WARN_INFINITE_RECURSION = YES;
				CLANG_WARN_INT_CONVERSION = YES;
				CLANG_WARN_NON_LITERAL_NULL_CONVERSION = YES;
				CLANG_WARN_OBJC_LITERAL_CONVERSION = YES;
				CLANG_WARN_OBJC_ROOT_CLASS = YES_ERROR;
				CLANG_WARN_RANGE_LOOP_ANALYSIS = YES;
				CLANG_WARN_STRICT_PROTOTYPES = YES;
				CLANG_WARN_SUSPICIOUS_MOVE = YES;
				CLANG_WARN_UNGUARDED_AVAILABILITY = YES_AGGRESSIVE;
				CLANG_WARN_UNREACHABLE_CODE = YES;
				CLANG_WARN__DUPLICATE_METHOD_MATCH = YES;
				CODE_SIGN_IDENTITY = "iPhone Developer";
				COPY_PHASE_STRIP = NO;
				DEBUG_INFORMATION_FORMAT = dwarf;
				ENABLE_STRICT_OBJC_MSGSEND = YES;
				ENABLE_TESTABILITY = YES;
				GCC_C_LANGUAGE_STANDARD = gnu11;
				GCC_DYNAMIC_NO_PIC = NO;
				GCC_NO_COMMON_BLOCKS = YES;
				GCC_OPTIMIZATION_LEVEL = 0;
				GCC_PREPROCESSOR_DEFINITIONS = (
					"DEBUG=1",
					"$(inherited)",
				);
				GCC_WARN_64_TO_32_BIT_CONVERSION = YES;
				GCC_WARN_ABOUT_RETURN_TYPE = YES_ERROR;
				GCC_WARN_UNDECLARED_SELECTOR = YES;
				GCC_WARN_UNINITIALIZED_AUTOS = YES_AGGRESSIVE;
				GCC_WARN_UNUSED_FUNCTION = YES;
				GCC_WARN_UNUSED_VARIABLE = YES;
				IPHONEOS_DEPLOYMENT_TARGET = 11.2;
				MTL_ENABLE_DEBUG_INFO = YES;
				ONLY_ACTIVE_ARCH = YES;
				SDKROOT = iphoneos;
				SWIFT_ACTIVE_COMPILATION_CONDITIONS = DEBUG;
				SWIFT_OPTIMIZATION_LEVEL = "-Onone";
			};
			name = Debug;
		};
		891B64381FE4611400DE8061 /* Release */ = {
			isa = XCBuildConfiguration;
			buildSettings = {
				ALWAYS_SEARCH_USER_PATHS = NO;
				CLANG_ANALYZER_NONNULL = YES;
				CLANG_ANALYZER_NUMBER_OBJECT_CONVERSION = YES_AGGRESSIVE;
				CLANG_CXX_LANGUAGE_STANDARD = "gnu++14";
				CLANG_CXX_LIBRARY = "libc++";
				CLANG_ENABLE_MODULES = YES;
				CLANG_ENABLE_OBJC_ARC = YES;
				CLANG_WARN_BLOCK_CAPTURE_AUTORELEASING = YES;
				CLANG_WARN_BOOL_CONVERSION = YES;
				CLANG_WARN_COMMA = YES;
				CLANG_WARN_CONSTANT_CONVERSION = YES;
				CLANG_WARN_DIRECT_OBJC_ISA_USAGE = YES_ERROR;
				CLANG_WARN_DOCUMENTATION_COMMENTS = YES;
				CLANG_WARN_EMPTY_BODY = YES;
				CLANG_WARN_ENUM_CONVERSION = YES;
				CLANG_WARN_INFINITE_RECURSION = YES;
				CLANG_WARN_INT_CONVERSION = YES;
				CLANG_WARN_NON_LITERAL_NULL_CONVERSION = YES;
				CLANG_WARN_OBJC_LITERAL_CONVERSION = YES;
				CLANG_WARN_OBJC_ROOT_CLASS = YES_ERROR;
				CLANG_WARN_RANGE_LOOP_ANALYSIS = YES;
				CLANG_WARN_STRICT_PROTOTYPES = YES;
				CLANG_WARN_SUSPICIOUS_MOVE = YES;
				CLANG_WARN_UNGUARDED_AVAILABILITY = YES_AGGRESSIVE;
				CLANG_WARN_UNREACHABLE_CODE = YES;
				CLANG_WARN__DUPLICATE_METHOD_MATCH = YES;
				CODE_SIGN_IDENTITY = "iPhone Developer";
				COPY_PHASE_STRIP = NO;
				DEBUG_INFORMATION_FORMAT = "dwarf-with-dsym";
				ENABLE_NS_ASSERTIONS = NO;
				ENABLE_STRICT_OBJC_MSGSEND = YES;
				GCC_C_LANGUAGE_STANDARD = gnu11;
				GCC_NO_COMMON_BLOCKS = YES;
				GCC_WARN_64_TO_32_BIT_CONVERSION = YES;
				GCC_WARN_ABOUT_RETURN_TYPE = YES_ERROR;
				GCC_WARN_UNDECLARED_SELECTOR = YES;
				GCC_WARN_UNINITIALIZED_AUTOS = YES_AGGRESSIVE;
				GCC_WARN_UNUSED_FUNCTION = YES;
				GCC_WARN_UNUSED_VARIABLE = YES;
				IPHONEOS_DEPLOYMENT_TARGET = 11.2;
				MTL_ENABLE_DEBUG_INFO = NO;
				SDKROOT = iphoneos;
				SWIFT_OPTIMIZATION_LEVEL = "-Owholemodule";
				VALIDATE_PRODUCT = YES;
			};
			name = Release;
		};
		891B643A1FE4611400DE8061 /* Debug */ = {
			isa = XCBuildConfiguration;
			baseConfigurationReference = B8260D68CC1370C5415CB6F1 /* Pods-LocationTracker.debug.xcconfig */;
			buildSettings = {
				ASSETCATALOG_COMPILER_APPICON_NAME = AppIcon;
				CODE_SIGN_IDENTITY = "iPhone Developer";
				CODE_SIGN_STYLE = Automatic;
				DEVELOPMENT_TEAM = S9SP799JSF;
				INFOPLIST_FILE = LocationTracker/Info.plist;
				LD_RUNPATH_SEARCH_PATHS = "$(inherited) @executable_path/Frameworks";
				PRODUCT_BUNDLE_IDENTIFIER = lxylxy123456.LocationTracker;
				PRODUCT_NAME = "$(TARGET_NAME)";
				PROVISIONING_PROFILE_SPECIFIER = "";
				SWIFT_VERSION = 4.0;
				TARGETED_DEVICE_FAMILY = "1,2";
			};
			name = Debug;
		};
		891B643B1FE4611400DE8061 /* Release */ = {
			isa = XCBuildConfiguration;
			baseConfigurationReference = 581191D5607F33E206E14A38 /* Pods-LocationTracker.release.xcconfig */;
			buildSettings = {
				ASSETCATALOG_COMPILER_APPICON_NAME = AppIcon;
				CODE_SIGN_IDENTITY = "iPhone Developer";
				CODE_SIGN_STYLE = Automatic;
				DEVELOPMENT_TEAM = S9SP799JSF;
				INFOPLIST_FILE = LocationTracker/Info.plist;
				LD_RUNPATH_SEARCH_PATHS = "$(inherited) @executable_path/Frameworks";
				PRODUCT_BUNDLE_IDENTIFIER = lxylxy123456.LocationTracker;
				PRODUCT_NAME = "$(TARGET_NAME)";
				PROVISIONING_PROFILE_SPECIFIER = "";
				SWIFT_VERSION = 4.0;
				TARGETED_DEVICE_FAMILY = "1,2";
			};
			name = Release;
		};
		891B643D1FE4611400DE8061 /* Debug */ = {
			isa = XCBuildConfiguration;
			buildSettings = {
				ALWAYS_EMBED_SWIFT_STANDARD_LIBRARIES = YES;
				BUNDLE_LOADER = "$(TEST_HOST)";
				CODE_SIGN_STYLE = Automatic;
				DEVELOPMENT_TEAM = S9SP799JSF;
				INFOPLIST_FILE = LocationTrackerTests/Info.plist;
				LD_RUNPATH_SEARCH_PATHS = "$(inherited) @executable_path/Frameworks @loader_path/Frameworks";
				PRODUCT_BUNDLE_IDENTIFIER = lxylxy123456.LocationTrackerTests;
				PRODUCT_NAME = "$(TARGET_NAME)";
				SWIFT_VERSION = 4.0;
				TARGETED_DEVICE_FAMILY = "1,2";
				TEST_HOST = "$(BUILT_PRODUCTS_DIR)/LocationTracker.app/LocationTracker";
			};
			name = Debug;
		};
		891B643E1FE4611400DE8061 /* Release */ = {
			isa = XCBuildConfiguration;
			buildSettings = {
				ALWAYS_EMBED_SWIFT_STANDARD_LIBRARIES = YES;
				BUNDLE_LOADER = "$(TEST_HOST)";
				CODE_SIGN_STYLE = Automatic;
				DEVELOPMENT_TEAM = S9SP799JSF;
				INFOPLIST_FILE = LocationTrackerTests/Info.plist;
				LD_RUNPATH_SEARCH_PATHS = "$(inherited) @executable_path/Frameworks @loader_path/Frameworks";
				PRODUCT_BUNDLE_IDENTIFIER = lxylxy123456.LocationTrackerTests;
				PRODUCT_NAME = "$(TARGET_NAME)";
				SWIFT_VERSION = 4.0;
				TARGETED_DEVICE_FAMILY = "1,2";
				TEST_HOST = "$(BUILT_PRODUCTS_DIR)/LocationTracker.app/LocationTracker";
			};
			name = Release;
		};
/* End XCBuildConfiguration section */

/* Begin XCConfigurationList section */
		891B64171FE4611300DE8061 /* Build configuration list for PBXProject "LocationTracker" */ = {
			isa = XCConfigurationList;
			buildConfigurations = (
				891B64371FE4611400DE8061 /* Debug */,
				891B64381FE4611400DE8061 /* Release */,
			);
			defaultConfigurationIsVisible = 0;
			defaultConfigurationName = Release;
		};
		891B64391FE4611400DE8061 /* Build configuration list for PBXNativeTarget "LocationTracker" */ = {
			isa = XCConfigurationList;
			buildConfigurations = (
				891B643A1FE4611400DE8061 /* Debug */,
				891B643B1FE4611400DE8061 /* Release */,
			);
			defaultConfigurationIsVisible = 0;
			defaultConfigurationName = Release;
		};
		891B643C1FE4611400DE8061 /* Build configuration list for PBXNativeTarget "LocationTrackerTests" */ = {
			isa = XCConfigurationList;
			buildConfigurations = (
				891B643D1FE4611400DE8061 /* Debug */,
				891B643E1FE4611400DE8061 /* Release */,
			);
			defaultConfigurationIsVisible = 0;
			defaultConfigurationName = Release;
		};
/* End XCConfigurationList section */
	};
	rootObject = 891B64141FE4611300DE8061 /* Project object */;
}
